// !$*UTF8*$!
{
	archiveVersion = 1;
	classes = {
	};
	objectVersion = 56;
	objects = {

/* Begin PBXBuildFile section */
		D0A4DD902AC8659400425AF0 /* AppDelegate.swift in Sources */ = {isa = PBXBuildFile; fileRef = D0A4DD8F2AC8659400425AF0 /* AppDelegate.swift */; };
		D0A4DDA52AC8670100425AF0 /* FinderSync.swift in Sources */ = {isa = PBXBuildFile; fileRef = D0A4DDA42AC8670100425AF0 /* FinderSync.swift */; };
		D0A4DDAA2AC8670100425AF0 /* gitIconSync.appex in Embed Foundation Extensions */ = {isa = PBXBuildFile; fileRef = D0A4DDA22AC8670100425AF0 /* gitIconSync.appex */; settings = {ATTRIBUTES = (RemoveHeadersOnCopy, ); }; };
		D0A4DDB02AC8672C00425AF0 /* URLs in Resources */ = {isa = PBXBuildFile; fileRef = D0A4DDAF2AC8672C00425AF0 /* URLs */; };
		D0A4DE272AC87CAC00425AF0 /* Assets.xcassets in Resources */ = {isa = PBXBuildFile; fileRef = D0A4DE262AC87CAC00425AF0 /* Assets.xcassets */; };
		D0A4DE282AC87CAC00425AF0 /* Assets.xcassets in Resources */ = {isa = PBXBuildFile; fileRef = D0A4DE262AC87CAC00425AF0 /* Assets.xcassets */; };
		D0A4DE422AC8997500425AF0 /* Icon.icns in Resources */ = {isa = PBXBuildFile; fileRef = D0A4DE412AC8997500425AF0 /* Icon.icns */; };
		D0A4DE432AC8997500425AF0 /* Icon.icns in Resources */ = {isa = PBXBuildFile; fileRef = D0A4DE412AC8997500425AF0 /* Icon.icns */; };
/* End PBXBuildFile section */

/* Begin PBXContainerItemProxy section */
		D0A4DDA82AC8670100425AF0 /* PBXContainerItemProxy */ = {
			isa = PBXContainerItemProxy;
			containerPortal = D0A4DD842AC8659400425AF0 /* Project object */;
			proxyType = 1;
			remoteGlobalIDString = D0A4DDA12AC8670100425AF0;
			remoteInfo = gitIconSync;
		};
/* End PBXContainerItemProxy section */

/* Begin PBXCopyFilesBuildPhase section */
		D0A4DDAE2AC8670100425AF0 /* Embed Foundation Extensions */ = {
			isa = PBXCopyFilesBuildPhase;
			buildActionMask = 2147483647;
			dstPath = "";
			dstSubfolderSpec = 13;
			files = (
				D0A4DDAA2AC8670100425AF0 /* gitIconSync.appex in Embed Foundation Extensions */,
			);
			name = "Embed Foundation Extensions";
			runOnlyForDeploymentPostprocessing = 0;
		};
/* End PBXCopyFilesBuildPhase section */

/* Begin PBXFileReference section */
		D0A4DD8C2AC8659400425AF0 /* gitIcon.app */ = {isa = PBXFileReference; explicitFileType = wrapper.application; includeInIndex = 0; path = gitIcon.app; sourceTree = BUILT_PRODUCTS_DIR; };
		D0A4DD8F2AC8659400425AF0 /* AppDelegate.swift */ = {isa = PBXFileReference; lastKnownFileType = sourcecode.swift; path = AppDelegate.swift; sourceTree = "<group>"; };
		D0A4DD982AC8659500425AF0 /* gitIcon.entitlements */ = {isa = PBXFileReference; lastKnownFileType = text.plist.entitlements; path = gitIcon.entitlements; sourceTree = "<group>"; };
		D0A4DDA22AC8670100425AF0 /* gitIconSync.appex */ = {isa = PBXFileReference; explicitFileType = "wrapper.app-extension"; includeInIndex = 0; path = gitIconSync.appex; sourceTree = BUILT_PRODUCTS_DIR; };
		D0A4DDA42AC8670100425AF0 /* FinderSync.swift */ = {isa = PBXFileReference; lastKnownFileType = sourcecode.swift; path = FinderSync.swift; sourceTree = "<group>"; };
		D0A4DDA62AC8670100425AF0 /* Info.plist */ = {isa = PBXFileReference; lastKnownFileType = text.plist.xml; path = Info.plist; sourceTree = "<group>"; };
		D0A4DDA72AC8670100425AF0 /* gitIconSync.entitlements */ = {isa = PBXFileReference; lastKnownFileType = text.plist.entitlements; path = gitIconSync.entitlements; sourceTree = "<group>"; };
		D0A4DDAF2AC8672C00425AF0 /* URLs */ = {isa = PBXFileReference; lastKnownFileType = text; path = URLs; sourceTree = "<group>"; };
		D0A4DDB22AC8687200425AF0 /* Info.plist */ = {isa = PBXFileReference; lastKnownFileType = text.plist; path = Info.plist; sourceTree = "<group>"; };
		D0A4DE262AC87CAC00425AF0 /* Assets.xcassets */ = {isa = PBXFileReference; lastKnownFileType = folder.assetcatalog; path = Assets.xcassets; sourceTree = "<group>"; };
		D0A4DE412AC8997500425AF0 /* Icon.icns */ = {isa = PBXFileReference; lastKnownFileType = image.icns; path = Icon.icns; sourceTree = "<group>"; };
/* End PBXFileReference section */

/* Begin PBXFrameworksBuildPhase section */
		D0A4DD892AC8659400425AF0 /* Frameworks */ = {
			isa = PBXFrameworksBuildPhase;
			buildActionMask = 2147483647;
			files = (
			);
			runOnlyForDeploymentPostprocessing = 0;
		};
		D0A4DD9F2AC8670100425AF0 /* Frameworks */ = {
			isa = PBXFrameworksBuildPhase;
			buildActionMask = 2147483647;
			files = (
			);
			runOnlyForDeploymentPostprocessing = 0;
		};
/* End PBXFrameworksBuildPhase section */

/* Begin PBXGroup section */
		D0A4DD832AC8659400425AF0 = {
			isa = PBXGroup;
			children = (
				D0A4DD8E2AC8659400425AF0 /* gitIcon */,
				D0A4DDA32AC8670100425AF0 /* gitIconSync */,
				D0A4DD8D2AC8659400425AF0 /* Products */,
			);
			sourceTree = "<group>";
		};
		D0A4DD8D2AC8659400425AF0 /* Products */ = {
			isa = PBXGroup;
			children = (
				D0A4DD8C2AC8659400425AF0 /* gitIcon.app */,
				D0A4DDA22AC8670100425AF0 /* gitIconSync.appex */,
			);
			name = Products;
			sourceTree = "<group>";
		};
		D0A4DD8E2AC8659400425AF0 /* gitIcon */ = {
			isa = PBXGroup;
			children = (
				D0A4DE262AC87CAC00425AF0 /* Assets.xcassets */,
				D0A4DDB22AC8687200425AF0 /* Info.plist */,
				D0A4DE412AC8997500425AF0 /* Icon.icns */,
				D0A4DD8F2AC8659400425AF0 /* AppDelegate.swift */,
				D0A4DD982AC8659500425AF0 /* gitIcon.entitlements */,
			);
			path = gitIcon;
			sourceTree = "<group>";
		};
		D0A4DDA32AC8670100425AF0 /* gitIconSync */ = {
			isa = PBXGroup;
			children = (
				D0A4DDA42AC8670100425AF0 /* FinderSync.swift */,
				D0A4DDAF2AC8672C00425AF0 /* URLs */,
				D0A4DDA62AC8670100425AF0 /* Info.plist */,
				D0A4DDA72AC8670100425AF0 /* gitIconSync.entitlements */,
			);
			path = gitIconSync;
			sourceTree = "<group>";
		};
/* End PBXGroup section */

/* Begin PBXNativeTarget section */
		D0A4DD8B2AC8659400425AF0 /* gitIcon */ = {
			isa = PBXNativeTarget;
			buildConfigurationList = D0A4DD9B2AC8659500425AF0 /* Build configuration list for PBXNativeTarget "gitIcon" */;
			buildPhases = (
				D0A4DD882AC8659400425AF0 /* Sources */,
				D0A4DD892AC8659400425AF0 /* Frameworks */,
				D0A4DD8A2AC8659400425AF0 /* Resources */,
				D0A4DDAE2AC8670100425AF0 /* Embed Foundation Extensions */,
			);
			buildRules = (
			);
			dependencies = (
				D0A4DDA92AC8670100425AF0 /* PBXTargetDependency */,
			);
			name = gitIcon;
			productName = gitIcon;
			productReference = D0A4DD8C2AC8659400425AF0 /* gitIcon.app */;
			productType = "com.apple.product-type.application";
		};
		D0A4DDA12AC8670100425AF0 /* gitIconSync */ = {
			isa = PBXNativeTarget;
			buildConfigurationList = D0A4DDAB2AC8670100425AF0 /* Build configuration list for PBXNativeTarget "gitIconSync" */;
			buildPhases = (
				D0A4DD9E2AC8670100425AF0 /* Sources */,
				D0A4DD9F2AC8670100425AF0 /* Frameworks */,
				D0A4DDA02AC8670100425AF0 /* Resources */,
			);
			buildRules = (
			);
			dependencies = (
			);
			name = gitIconSync;
			productName = gitIconSync;
			productReference = D0A4DDA22AC8670100425AF0 /* gitIconSync.appex */;
			productType = "com.apple.product-type.app-extension";
		};
/* End PBXNativeTarget section */

/* Begin PBXProject section */
		D0A4DD842AC8659400425AF0 /* Project object */ = {
			isa = PBXProject;
			attributes = {
				BuildIndependentTargetsInParallel = 1;
				LastSwiftUpdateCheck = 1500;
				LastUpgradeCheck = 1500;
				TargetAttributes = {
					D0A4DD8B2AC8659400425AF0 = {
						CreatedOnToolsVersion = 15.0;
					};
					D0A4DDA12AC8670100425AF0 = {
						CreatedOnToolsVersion = 15.0;
					};
				};
			};
			buildConfigurationList = D0A4DD872AC8659400425AF0 /* Build configuration list for PBXProject "gitIcon" */;
			compatibilityVersion = "Xcode 14.0";
			developmentRegion = en;
			hasScannedForEncodings = 0;
			knownRegions = (
				en,
				Base,
			);
			mainGroup = D0A4DD832AC8659400425AF0;
			productRefGroup = D0A4DD8D2AC8659400425AF0 /* Products */;
			projectDirPath = "";
			projectRoot = "";
			targets = (
				D0A4DD8B2AC8659400425AF0 /* gitIcon */,
				D0A4DDA12AC8670100425AF0 /* gitIconSync */,
			);
		};
/* End PBXProject section */

/* Begin PBXResourcesBuildPhase section */
		D0A4DD8A2AC8659400425AF0 /* Resources */ = {
			isa = PBXResourcesBuildPhase;
			buildActionMask = 2147483647;
			files = (
				D0A4DE272AC87CAC00425AF0 /* Assets.xcassets in Resources */,
				D0A4DE422AC8997500425AF0 /* Icon.icns in Resources */,
			);
			runOnlyForDeploymentPostprocessing = 0;
		};
		D0A4DDA02AC8670100425AF0 /* Resources */ = {
			isa = PBXResourcesBuildPhase;
			buildActionMask = 2147483647;
			files = (
				D0A4DE432AC8997500425AF0 /* Icon.icns in Resources */,
				D0A4DE282AC87CAC00425AF0 /* Assets.xcassets in Resources */,
				D0A4DDB02AC8672C00425AF0 /* URLs in Resources */,
			);
			runOnlyForDeploymentPostprocessing = 0;
		};
/* End PBXResourcesBuildPhase section */

/* Begin PBXSourcesBuildPhase section */
		D0A4DD882AC8659400425AF0 /* Sources */ = {
			isa = PBXSourcesBuildPhase;
			buildActionMask = 2147483647;
			files = (
				D0A4DD902AC8659400425AF0 /* AppDelegate.swift in Sources */,
			);
			runOnlyForDeploymentPostprocessing = 0;
		};
		D0A4DD9E2AC8670100425AF0 /* Sources */ = {
			isa = PBXSourcesBuildPhase;
			buildActionMask = 2147483647;
			files = (
				D0A4DDA52AC8670100425AF0 /* FinderSync.swift in Sources */,
			);
			runOnlyForDeploymentPostprocessing = 0;
		};
/* End PBXSourcesBuildPhase section */

/* Begin PBXTargetDependency section */
		D0A4DDA92AC8670100425AF0 /* PBXTargetDependency */ = {
			isa = PBXTargetDependency;
			target = D0A4DDA12AC8670100425AF0 /* gitIconSync */;
			targetProxy = D0A4DDA82AC8670100425AF0 /* PBXContainerItemProxy */;
		};
/* End PBXTargetDependency section */

/* Begin XCBuildConfiguration section */
		D0A4DD992AC8659500425AF0 /* Debug */ = {
			isa = XCBuildConfiguration;
			buildSettings = {
				ALWAYS_SEARCH_USER_PATHS = NO;
				ASSETCATALOG_COMPILER_GENERATE_SWIFT_ASSET_SYMBOL_EXTENSIONS = YES;
				CLANG_ANALYZER_NONNULL = YES;
				CLANG_ANALYZER_NUMBER_OBJECT_CONVERSION = YES_AGGRESSIVE;
				CLANG_CXX_LANGUAGE_STANDARD = "gnu++20";
				CLANG_ENABLE_MODULES = YES;
				CLANG_ENABLE_OBJC_ARC = YES;
				CLANG_ENABLE_OBJC_WEAK = YES;
				CLANG_WARN_BLOCK_CAPTURE_AUTORELEASING = YES;
				CLANG_WARN_BOOL_CONVERSION = YES;
				CLANG_WARN_COMMA = YES;
				CLANG_WARN_CONSTANT_CONVERSION = YES;
				CLANG_WARN_DEPRECATED_OBJC_IMPLEMENTATIONS = YES;
				CLANG_WARN_DIRECT_OBJC_ISA_USAGE = YES_ERROR;
				CLANG_WARN_DOCUMENTATION_COMMENTS = YES;
				CLANG_WARN_EMPTY_BODY = YES;
				CLANG_WARN_ENUM_CONVERSION = YES;
				CLANG_WARN_INFINITE_RECURSION = YES;
				CLANG_WARN_INT_CONVERSION = YES;
				CLANG_WARN_NON_LITERAL_NULL_CONVERSION = YES;
				CLANG_WARN_OBJC_IMPLICIT_RETAIN_SELF = YES;
				CLANG_WARN_OBJC_LITERAL_CONVERSION = YES;
				CLANG_WARN_OBJC_ROOT_CLASS = YES_ERROR;
				CLANG_WARN_QUOTED_INCLUDE_IN_FRAMEWORK_HEADER = YES;
				CLANG_WARN_RANGE_LOOP_ANALYSIS = YES;
				CLANG_WARN_STRICT_PROTOTYPES = YES;
				CLANG_WARN_SUSPICIOUS_MOVE = YES;
				CLANG_WARN_UNGUARDED_AVAILABILITY = YES_AGGRESSIVE;
				CLANG_WARN_UNREACHABLE_CODE = YES;
				CLANG_WARN__DUPLICATE_METHOD_MATCH = YES;
				COPY_PHASE_STRIP = NO;
				DEBUG_INFORMATION_FORMAT = dwarf;
				ENABLE_STRICT_OBJC_MSGSEND = YES;
				ENABLE_TESTABILITY = YES;
				ENABLE_USER_SCRIPT_SANDBOXING = YES;
				GCC_C_LANGUAGE_STANDARD = gnu17;
				GCC_DYNAMIC_NO_PIC = NO;
				GCC_NO_COMMON_BLOCKS = YES;
				GCC_OPTIMIZATION_LEVEL = 0;
				GCC_PREPROCESSOR_DEFINITIONS = (
					"DEBUG=1",
					"$(inherited)",
				);
				GCC_WARN_64_TO_32_BIT_CONVERSION = YES;
				GCC_WARN_ABOUT_RETURN_TYPE = YES_ERROR;
				GCC_WARN_UNDECLARED_SELECTOR = YES;
				GCC_WARN_UNINITIALIZED_AUTOS = YES_AGGRESSIVE;
				GCC_WARN_UNUSED_FUNCTION = YES;
				GCC_WARN_UNUSED_VARIABLE = YES;
				LOCALIZATION_PREFERS_STRING_CATALOGS = YES;
				MACOSX_DEPLOYMENT_TARGET = 14.0;
				MTL_ENABLE_DEBUG_INFO = INCLUDE_SOURCE;
				MTL_FAST_MATH = YES;
				ONLY_ACTIVE_ARCH = YES;
				SDKROOT = macosx;
				SWIFT_ACTIVE_COMPILATION_CONDITIONS = "DEBUG $(inherited)";
				SWIFT_OPTIMIZATION_LEVEL = "-Onone";
			};
			name = Debug;
		};
		D0A4DD9A2AC8659500425AF0 /* Release */ = {
			isa = XCBuildConfiguration;
			buildSettings = {
				ALWAYS_SEARCH_USER_PATHS = NO;
				ASSETCATALOG_COMPILER_GENERATE_SWIFT_ASSET_SYMBOL_EXTENSIONS = YES;
				CLANG_ANALYZER_NONNULL = YES;
				CLANG_ANALYZER_NUMBER_OBJECT_CONVERSION = YES_AGGRESSIVE;
				CLANG_CXX_LANGUAGE_STANDARD = "gnu++20";
				CLANG_ENABLE_MODULES = YES;
				CLANG_ENABLE_OBJC_ARC = YES;
				CLANG_ENABLE_OBJC_WEAK = YES;
				CLANG_WARN_BLOCK_CAPTURE_AUTORELEASING = YES;
				CLANG_WARN_BOOL_CONVERSION = YES;
				CLANG_WARN_COMMA = YES;
				CLANG_WARN_CONSTANT_CONVERSION = YES;
				CLANG_WARN_DEPRECATED_OBJC_IMPLEMENTATIONS = YES;
				CLANG_WARN_DIRECT_OBJC_ISA_USAGE = YES_ERROR;
				CLANG_WARN_DOCUMENTATION_COMMENTS = YES;
				CLANG_WARN_EMPTY_BODY = YES;
				CLANG_WARN_ENUM_CONVERSION = YES;
				CLANG_WARN_INFINITE_RECURSION = YES;
				CLANG_WARN_INT_CONVERSION = YES;
				CLANG_WARN_NON_LITERAL_NULL_CONVERSION = YES;
				CLANG_WARN_OBJC_IMPLICIT_RETAIN_SELF = YES;
				CLANG_WARN_OBJC_LITERAL_CONVERSION = YES;
				CLANG_WARN_OBJC_ROOT_CLASS = YES_ERROR;
				CLANG_WARN_QUOTED_INCLUDE_IN_FRAMEWORK_HEADER = YES;
				CLANG_WARN_RANGE_LOOP_ANALYSIS = YES;
				CLANG_WARN_STRICT_PROTOTYPES = YES;
				CLANG_WARN_SUSPICIOUS_MOVE = YES;
				CLANG_WARN_UNGUARDED_AVAILABILITY = YES_AGGRESSIVE;
				CLANG_WARN_UNREACHABLE_CODE = YES;
				CLANG_WARN__DUPLICATE_METHOD_MATCH = YES;
				COPY_PHASE_STRIP = NO;
				DEBUG_INFORMATION_FORMAT = "dwarf-with-dsym";
				ENABLE_NS_ASSERTIONS = NO;
				ENABLE_STRICT_OBJC_MSGSEND = YES;
				ENABLE_USER_SCRIPT_SANDBOXING = YES;
				GCC_C_LANGUAGE_STANDARD = gnu17;
				GCC_NO_COMMON_BLOCKS = YES;
				GCC_WARN_64_TO_32_BIT_CONVERSION = YES;
				GCC_WARN_ABOUT_RETURN_TYPE = YES_ERROR;
				GCC_WARN_UNDECLARED_SELECTOR = YES;
				GCC_WARN_UNINITIALIZED_AUTOS = YES_AGGRESSIVE;
				GCC_WARN_UNUSED_FUNCTION = YES;
				GCC_WARN_UNUSED_VARIABLE = YES;
				LOCALIZATION_PREFERS_STRING_CATALOGS = YES;
				MACOSX_DEPLOYMENT_TARGET = 14.0;
				MTL_ENABLE_DEBUG_INFO = NO;
				MTL_FAST_MATH = YES;
				SDKROOT = macosx;
				SWIFT_COMPILATION_MODE = wholemodule;
			};
			name = Release;
		};
		D0A4DD9C2AC8659500425AF0 /* Debug */ = {
			isa = XCBuildConfiguration;
			buildSettings = {
				ALWAYS_EMBED_SWIFT_STANDARD_LIBRARIES = YES;
				ASSETCATALOG_COMPILER_GLOBAL_ACCENT_COLOR_NAME = AccentColor;
				ASSETCATALOG_COMPILER_INCLUDE_ALL_APPICON_ASSETS = NO;
				CODE_SIGN_ENTITLEMENTS = gitIcon/gitIcon.entitlements;
				CODE_SIGN_STYLE = Automatic;
				COMBINE_HIDPI_IMAGES = YES;
				CURRENT_PROJECT_VERSION = 1;
				GENERATE_INFOPLIST_FILE = YES;
				INFOPLIST_FILE = gitIcon/Info.plist;
				INFOPLIST_KEY_CFBundleDisplayName = GitIcon;
				INFOPLIST_KEY_LSApplicationCategoryType = "public.app-category.utilities";
				INFOPLIST_KEY_NSHumanReadableCopyright = "";
				INFOPLIST_KEY_NSPrincipalClass = NSApplication;
				LD_RUNPATH_SEARCH_PATHS = (
					"$(inherited)",
					"@executable_path/../Frameworks",
				);
				MACOSX_DEPLOYMENT_TARGET = 14.0;
				MARKETING_VERSION = 1.0;
				PRODUCT_BUNDLE_IDENTIFIER = phoenix.gitIcon;
				PRODUCT_NAME = "$(TARGET_NAME)";
				SWIFT_EMIT_LOC_STRINGS = YES;
				SWIFT_VERSION = 5.0;
			};
			name = Debug;
		};
		D0A4DD9D2AC8659500425AF0 /* Release */ = {
			isa = XCBuildConfiguration;
			buildSettings = {
				ALWAYS_EMBED_SWIFT_STANDARD_LIBRARIES = YES;
				ASSETCATALOG_COMPILER_GLOBAL_ACCENT_COLOR_NAME = AccentColor;
				ASSETCATALOG_COMPILER_INCLUDE_ALL_APPICON_ASSETS = NO;
				CODE_SIGN_ENTITLEMENTS = gitIcon/gitIcon.entitlements;
				CODE_SIGN_STYLE = Automatic;
				COMBINE_HIDPI_IMAGES = YES;
				CURRENT_PROJECT_VERSION = 1;
				GENERATE_INFOPLIST_FILE = YES;
				INFOPLIST_FILE = gitIcon/Info.plist;
				INFOPLIST_KEY_CFBundleDisplayName = GitIcon;
				INFOPLIST_KEY_LSApplicationCategoryType = "public.app-category.utilities";
				INFOPLIST_KEY_NSHumanReadableCopyright = "";
				INFOPLIST_KEY_NSPrincipalClass = NSApplication;
				LD_RUNPATH_SEARCH_PATHS = (
					"$(inherited)",
					"@executable_path/../Frameworks",
				);
				MACOSX_DEPLOYMENT_TARGET = 14.0;
				MARKETING_VERSION = 1.0;
				PRODUCT_BUNDLE_IDENTIFIER = phoenix.gitIcon;
				PRODUCT_NAME = "$(TARGET_NAME)";
				SWIFT_EMIT_LOC_STRINGS = YES;
				SWIFT_VERSION = 5.0;
			};
			name = Release;
		};
		D0A4DDAC2AC8670100425AF0 /* Debug */ = {
			isa = XCBuildConfiguration;
			buildSettings = {
				CODE_SIGN_ENTITLEMENTS = gitIconSync/gitIconSync.entitlements;
				CODE_SIGN_STYLE = Automatic;
				COMBINE_HIDPI_IMAGES = YES;
				CURRENT_PROJECT_VERSION = 1;
				GENERATE_INFOPLIST_FILE = YES;
				INFOPLIST_FILE = gitIconSync/Info.plist;
				INFOPLIST_KEY_CFBundleDisplayName = gitIconSync;
				INFOPLIST_KEY_NSHumanReadableCopyright = "";
				LD_RUNPATH_SEARCH_PATHS = (
					"$(inherited)",
					"@executable_path/../Frameworks",
					"@executable_path/../../../../Frameworks",
				);
				MACOSX_DEPLOYMENT_TARGET = 14.0;
				MARKETING_VERSION = 1.0;
				PRODUCT_BUNDLE_IDENTIFIER = phoenix.gitIcon.gitIconSync;
				PRODUCT_NAME = "$(TARGET_NAME)";
				SKIP_INSTALL = YES;
				SWIFT_EMIT_LOC_STRINGS = YES;
				SWIFT_VERSION = 5.0;
			};
			name = Debug;
		};
		D0A4DDAD2AC8670100425AF0 /* Release */ = {
			isa = XCBuildConfiguration;
			buildSettings = {
				CODE_SIGN_ENTITLEMENTS = gitIconSync/gitIconSync.entitlements;
				CODE_SIGN_STYLE = Automatic;
				COMBINE_HIDPI_IMAGES = YES;
				CURRENT_PROJECT_VERSION = 1;
				GENERATE_INFOPLIST_FILE = YES;
				INFOPLIST_FILE = gitIconSync/Info.plist;
				INFOPLIST_KEY_CFBundleDisplayName = gitIconSync;
				INFOPLIST_KEY_NSHumanReadableCopyright = "";
				LD_RUNPATH_SEARCH_PATHS = (
					"$(inherited)",
					"@executable_path/../Frameworks",
					"@executable_path/../../../../Frameworks",
				);
				MACOSX_DEPLOYMENT_TARGET = 14.0;
				MARKETING_VERSION = 1.0;
				PRODUCT_BUNDLE_IDENTIFIER = phoenix.gitIcon.gitIconSync;
				PRODUCT_NAME = "$(TARGET_NAME)";
				SKIP_INSTALL = YES;
				SWIFT_EMIT_LOC_STRINGS = YES;
				SWIFT_VERSION = 5.0;
			};
			name = Release;
		};
/* End XCBuildConfiguration section */

/* Begin XCConfigurationList section */
		D0A4DD872AC8659400425AF0 /* Build configuration list for PBXProject "gitIcon" */ = {
			isa = XCConfigurationList;
			buildConfigurations = (
				D0A4DD992AC8659500425AF0 /* Debug */,
				D0A4DD9A2AC8659500425AF0 /* Release */,
			);
			defaultConfigurationIsVisible = 0;
			defaultConfigurationName = Release;
		};
		D0A4DD9B2AC8659500425AF0 /* Build configuration list for PBXNativeTarget "gitIcon" */ = {
			isa = XCConfigurationList;
			buildConfigurations = (
				D0A4DD9C2AC8659500425AF0 /* Debug */,
				D0A4DD9D2AC8659500425AF0 /* Release */,
			);
			defaultConfigurationIsVisible = 0;
			defaultConfigurationName = Release;
		};
		D0A4DDAB2AC8670100425AF0 /* Build configuration list for PBXNativeTarget "gitIconSync" */ = {
			isa = XCConfigurationList;
			buildConfigurations = (
				D0A4DDAC2AC8670100425AF0 /* Debug */,
				D0A4DDAD2AC8670100425AF0 /* Release */,
			);
			defaultConfigurationIsVisible = 0;
			defaultConfigurationName = Release;
		};
/* End XCConfigurationList section */
	};
	rootObject = D0A4DD842AC8659400425AF0 /* Project object */;
}
